
Microsoft Visual Studio Solution File, Format Version 12.00
# Visual Studio Version 17
VisualStudioVersion = 17.3.32825.248
MinimumVisualStudioVersion = 10.0.40219.1
Project("{FAE04EC0-301F-11D3-BF4B-00C04F79EFBC}") = "Persistens", "Persistens.csproj", "{8DC1AC77-A19F-4935-B46C-612F3D97DE8E}"
EndProject
Project("{FAE04EC0-301F-11D3-BF4B-00C04F79EFBC}") = "PersistensTest", "..\PersistensTest\PersistensTest.csproj", "{FC3EB76B-7F3B-47BD-B3ED-FE6C7D6586D0}"
EndProject
Global
	GlobalSection(SolutionConfigurationPlatforms) = preSolution
		Debug|Any CPU = Debug|Any CPU
		Release|Any CPU = Release|Any CPU
	EndGlobalSection
	GlobalSection(ProjectConfigurationPlatforms) = postSolution
		{8DC1AC77-A19F-4935-B46C-612F3D97DE8E}.Debug|Any CPU.ActiveCfg = Debug|Any CPU
		{8DC1AC77-A19F-4935-B46C-612F3D97DE8E}.Debug|Any CPU.Build.0 = Debug|Any CPU
		{8DC1AC77-A19F-4935-B46C-612F3D97DE8E}.Release|Any CPU.ActiveCfg = Release|Any CPU
		{8DC1AC77-A19F-4935-B46C-612F3D97DE8E}.Release|Any CPU.Build.0 = Release|Any CPU
		{FC3EB76B-7F3B-47BD-B3ED-FE6C7D6586D0}.Debug|Any CPU.ActiveCfg = Debug|Any CPU
		{FC3EB76B-7F3B-47BD-B3ED-FE6C7D6586D0}.Debug|Any CPU.Build.0 = Debug|Any CPU
		{FC3EB76B-7F3B-47BD-B3ED-FE6C7D6586D0}.Release|Any CPU.ActiveCfg = Release|Any CPU
		{FC3EB76B-7F3B-47BD-B3ED-FE6C7D6586D0}.Release|Any CPU.Build.0 = Release|Any CPU
	EndGlobalSection
	GlobalSection(SolutionProperties) = preSolution
		HideSolutionNode = FALSE
	EndGlobalSection
	GlobalSection(ExtensibilityGlobals) = postSolution
		SolutionGuid = {B54F1585-A53A-4522-8BAC-1F005FDC1A55}
	EndGlobalSection
EndGlobal
