
Microsoft Visual Studio Solution File, Format Version 12.00
# Visual Studio Version 17
VisualStudioVersion = 17.3.32825.248
MinimumVisualStudioVersion = 10.0.40219.1
Project("{FAE04EC0-301F-11D3-BF4B-00C04F79EFBC}") = "Loop", "Loop.csproj", "{06B56946-C56D-4AE7-8A1A-D058737D65A1}"
EndProject
Global
	GlobalSection(SolutionConfigurationPlatforms) = preSolution
		Debug|Any CPU = Debug|Any CPU
		Release|Any CPU = Release|Any CPU
	EndGlobalSection
	GlobalSection(ProjectConfigurationPlatforms) = postSolution
		{06B56946-C56D-4AE7-8A1A-D058737D65A1}.Debug|Any CPU.ActiveCfg = Debug|Any CPU
		{06B56946-C56D-4AE7-8A1A-D058737D65A1}.Debug|Any CPU.Build.0 = Debug|Any CPU
		{06B56946-C56D-4AE7-8A1A-D058737D65A1}.Release|Any CPU.ActiveCfg = Release|Any CPU
		{06B56946-C56D-4AE7-8A1A-D058737D65A1}.Release|Any CPU.Build.0 = Release|Any CPU
	EndGlobalSection
	GlobalSection(SolutionProperties) = preSolution
		HideSolutionNode = FALSE
	EndGlobalSection
	GlobalSection(ExtensibilityGlobals) = postSolution
		SolutionGuid = {E3CD2B33-FDFF-45A0-8FB6-E7B183E8B7BB}
	EndGlobalSection
EndGlobal
