
Microsoft Visual Studio Solution File, Format Version 12.00
# Visual Studio Version 17
VisualStudioVersion = 17.3.32825.248
MinimumVisualStudioVersion = 10.0.40219.1
Project("{FAE04EC0-301F-11D3-BF4B-00C04F79EFBC}") = "OpgaveEx03Genopfrisk2Ø3", "OpgaveEx03Genopfrisk2Ø3.csproj", "{BA6487C1-ED37-4BEC-B2A1-E0D83600FD73}"
EndProject
Global
	GlobalSection(SolutionConfigurationPlatforms) = preSolution
		Debug|Any CPU = Debug|Any CPU
		Release|Any CPU = Release|Any CPU
	EndGlobalSection
	GlobalSection(ProjectConfigurationPlatforms) = postSolution
		{BA6487C1-ED37-4BEC-B2A1-E0D83600FD73}.Debug|Any CPU.ActiveCfg = Debug|Any CPU
		{BA6487C1-ED37-4BEC-B2A1-E0D83600FD73}.Debug|Any CPU.Build.0 = Debug|Any CPU
		{BA6487C1-ED37-4BEC-B2A1-E0D83600FD73}.Release|Any CPU.ActiveCfg = Release|Any CPU
		{BA6487C1-ED37-4BEC-B2A1-E0D83600FD73}.Release|Any CPU.Build.0 = Release|Any CPU
	EndGlobalSection
	GlobalSection(SolutionProperties) = preSolution
		HideSolutionNode = FALSE
	EndGlobalSection
	GlobalSection(ExtensibilityGlobals) = postSolution
		SolutionGuid = {F066A52F-B481-4528-AD53-4E2FC4A760C0}
	EndGlobalSection
EndGlobal
