
Microsoft Visual Studio Solution File, Format Version 12.00
# Visual Studio Version 17
VisualStudioVersion = 17.3.32825.248
MinimumVisualStudioVersion = 10.0.40219.1
Project("{FAE04EC0-301F-11D3-BF4B-00C04F79EFBC}") = "HældningAfLinjestykket", "HældningAfLinjestykket.csproj", "{89D5532F-D9C1-48C8-A2EA-4C87BC7A415A}"
EndProject
Global
	GlobalSection(SolutionConfigurationPlatforms) = preSolution
		Debug|Any CPU = Debug|Any CPU
		Release|Any CPU = Release|Any CPU
	EndGlobalSection
	GlobalSection(ProjectConfigurationPlatforms) = postSolution
		{89D5532F-D9C1-48C8-A2EA-4C87BC7A415A}.Debug|Any CPU.ActiveCfg = Debug|Any CPU
		{89D5532F-D9C1-48C8-A2EA-4C87BC7A415A}.Debug|Any CPU.Build.0 = Debug|Any CPU
		{89D5532F-D9C1-48C8-A2EA-4C87BC7A415A}.Release|Any CPU.ActiveCfg = Release|Any CPU
		{89D5532F-D9C1-48C8-A2EA-4C87BC7A415A}.Release|Any CPU.Build.0 = Release|Any CPU
	EndGlobalSection
	GlobalSection(SolutionProperties) = preSolution
		HideSolutionNode = FALSE
	EndGlobalSection
	GlobalSection(ExtensibilityGlobals) = postSolution
		SolutionGuid = {C0451A3B-922D-4E7C-9CBC-7257F964DC88}
	EndGlobalSection
EndGlobal
