
Microsoft Visual Studio Solution File, Format Version 12.00
# Visual Studio Version 17
VisualStudioVersion = 17.3.32825.248
MinimumVisualStudioVersion = 10.0.40219.1
Project("{FAE04EC0-301F-11D3-BF4B-00C04F79EFBC}") = "Areal", "Areal.csproj", "{32EA5A10-058A-4DA3-AFC8-4F3235DE6527}"
EndProject
Global
	GlobalSection(SolutionConfigurationPlatforms) = preSolution
		Debug|Any CPU = Debug|Any CPU
		Release|Any CPU = Release|Any CPU
	EndGlobalSection
	GlobalSection(ProjectConfigurationPlatforms) = postSolution
		{32EA5A10-058A-4DA3-AFC8-4F3235DE6527}.Debug|Any CPU.ActiveCfg = Debug|Any CPU
		{32EA5A10-058A-4DA3-AFC8-4F3235DE6527}.Debug|Any CPU.Build.0 = Debug|Any CPU
		{32EA5A10-058A-4DA3-AFC8-4F3235DE6527}.Release|Any CPU.ActiveCfg = Release|Any CPU
		{32EA5A10-058A-4DA3-AFC8-4F3235DE6527}.Release|Any CPU.Build.0 = Release|Any CPU
	EndGlobalSection
	GlobalSection(SolutionProperties) = preSolution
		HideSolutionNode = FALSE
	EndGlobalSection
	GlobalSection(ExtensibilityGlobals) = postSolution
		SolutionGuid = {349DFA21-B11F-44AC-BB0A-546824BF28FC}
	EndGlobalSection
EndGlobal
