
Microsoft Visual Studio Solution File, Format Version 12.00
# Visual Studio Version 17
VisualStudioVersion = 17.5.33502.453
MinimumVisualStudioVersion = 10.0.40219.1
Project("{FAE04EC0-301F-11D3-BF4B-00C04F79EFBC}") = "ExtensionMethods", "ExtensionMethods.csproj", "{B9BCDF24-6C75-4C09-BA4C-29419F8D386A}"
EndProject
Project("{FAE04EC0-301F-11D3-BF4B-00C04F79EFBC}") = "TestProject1", "..\TestProject1\TestProject1.csproj", "{4328DAED-FBD3-4E03-B670-FD5EAC4D3722}"
EndProject
Global
	GlobalSection(SolutionConfigurationPlatforms) = preSolution
		Debug|Any CPU = Debug|Any CPU
		Release|Any CPU = Release|Any CPU
	EndGlobalSection
	GlobalSection(ProjectConfigurationPlatforms) = postSolution
		{B9BCDF24-6C75-4C09-BA4C-29419F8D386A}.Debug|Any CPU.ActiveCfg = Debug|Any CPU
		{B9BCDF24-6C75-4C09-BA4C-29419F8D386A}.Debug|Any CPU.Build.0 = Debug|Any CPU
		{B9BCDF24-6C75-4C09-BA4C-29419F8D386A}.Release|Any CPU.ActiveCfg = Release|Any CPU
		{B9BCDF24-6C75-4C09-BA4C-29419F8D386A}.Release|Any CPU.Build.0 = Release|Any CPU
		{4328DAED-FBD3-4E03-B670-FD5EAC4D3722}.Debug|Any CPU.ActiveCfg = Debug|Any CPU
		{4328DAED-FBD3-4E03-B670-FD5EAC4D3722}.Debug|Any CPU.Build.0 = Debug|Any CPU
		{4328DAED-FBD3-4E03-B670-FD5EAC4D3722}.Release|Any CPU.ActiveCfg = Release|Any CPU
		{4328DAED-FBD3-4E03-B670-FD5EAC4D3722}.Release|Any CPU.Build.0 = Release|Any CPU
	EndGlobalSection
	GlobalSection(SolutionProperties) = preSolution
		HideSolutionNode = FALSE
	EndGlobalSection
	GlobalSection(ExtensibilityGlobals) = postSolution
		SolutionGuid = {FD0418DA-A48A-4FE5-BFC7-9C2E7B2E78EB}
	EndGlobalSection
EndGlobal
