
Microsoft Visual Studio Solution File, Format Version 12.00
# Visual Studio Version 17
VisualStudioVersion = 17.5.33502.453
MinimumVisualStudioVersion = 10.0.40219.1
Project("{FAE04EC0-301F-11D3-BF4B-00C04F79EFBC}") = "Thread_2.0_4", "Thread_2.0_4.csproj", "{3B98A817-65E6-49EC-BD29-D58513F0D248}"
EndProject
Global
	GlobalSection(SolutionConfigurationPlatforms) = preSolution
		Debug|Any CPU = Debug|Any CPU
		Release|Any CPU = Release|Any CPU
	EndGlobalSection
	GlobalSection(ProjectConfigurationPlatforms) = postSolution
		{3B98A817-65E6-49EC-BD29-D58513F0D248}.Debug|Any CPU.ActiveCfg = Debug|Any CPU
		{3B98A817-65E6-49EC-BD29-D58513F0D248}.Debug|Any CPU.Build.0 = Debug|Any CPU
		{3B98A817-65E6-49EC-BD29-D58513F0D248}.Release|Any CPU.ActiveCfg = Release|Any CPU
		{3B98A817-65E6-49EC-BD29-D58513F0D248}.Release|Any CPU.Build.0 = Release|Any CPU
	EndGlobalSection
	GlobalSection(SolutionProperties) = preSolution
		HideSolutionNode = FALSE
	EndGlobalSection
	GlobalSection(ExtensibilityGlobals) = postSolution
		SolutionGuid = {6B1B0767-AF5F-4A50-B844-7BF8CAE3D3FB}
	EndGlobalSection
EndGlobal
