
Microsoft Visual Studio Solution File, Format Version 12.00
# Visual Studio Version 17
VisualStudioVersion = 17.3.32929.385
MinimumVisualStudioVersion = 10.0.40219.1
Project("{FAE04EC0-301F-11D3-BF4B-00C04F79EFBC}") = "streamReaderTest", "streamReaderTest.csproj", "{B3140382-FC34-4BAE-BD47-5582421D8282}"
EndProject
Global
	GlobalSection(SolutionConfigurationPlatforms) = preSolution
		Debug|Any CPU = Debug|Any CPU
		Release|Any CPU = Release|Any CPU
	EndGlobalSection
	GlobalSection(ProjectConfigurationPlatforms) = postSolution
		{B3140382-FC34-4BAE-BD47-5582421D8282}.Debug|Any CPU.ActiveCfg = Debug|Any CPU
		{B3140382-FC34-4BAE-BD47-5582421D8282}.Debug|Any CPU.Build.0 = Debug|Any CPU
		{B3140382-FC34-4BAE-BD47-5582421D8282}.Release|Any CPU.ActiveCfg = Release|Any CPU
		{B3140382-FC34-4BAE-BD47-5582421D8282}.Release|Any CPU.Build.0 = Release|Any CPU
	EndGlobalSection
	GlobalSection(SolutionProperties) = preSolution
		HideSolutionNode = FALSE
	EndGlobalSection
	GlobalSection(ExtensibilityGlobals) = postSolution
		SolutionGuid = {BA6FE095-2383-4A74-9C79-BCA3F7CA927C}
	EndGlobalSection
EndGlobal
