
Microsoft Visual Studio Solution File, Format Version 12.00
# Visual Studio Version 17
VisualStudioVersion = 17.5.33502.453
MinimumVisualStudioVersion = 10.0.40219.1
Project("{FAE04EC0-301F-11D3-BF4B-00C04F79EFBC}") = "Thread_opgave_5", "Thread_opgave_5.csproj", "{31DB07F4-E0EF-47F9-906E-E4177EF8D5D3}"
EndProject
Global
	GlobalSection(SolutionConfigurationPlatforms) = preSolution
		Debug|Any CPU = Debug|Any CPU
		Release|Any CPU = Release|Any CPU
	EndGlobalSection
	GlobalSection(ProjectConfigurationPlatforms) = postSolution
		{31DB07F4-E0EF-47F9-906E-E4177EF8D5D3}.Debug|Any CPU.ActiveCfg = Debug|Any CPU
		{31DB07F4-E0EF-47F9-906E-E4177EF8D5D3}.Debug|Any CPU.Build.0 = Debug|Any CPU
		{31DB07F4-E0EF-47F9-906E-E4177EF8D5D3}.Release|Any CPU.ActiveCfg = Release|Any CPU
		{31DB07F4-E0EF-47F9-906E-E4177EF8D5D3}.Release|Any CPU.Build.0 = Release|Any CPU
	EndGlobalSection
	GlobalSection(SolutionProperties) = preSolution
		HideSolutionNode = FALSE
	EndGlobalSection
	GlobalSection(ExtensibilityGlobals) = postSolution
		SolutionGuid = {D59D3EFC-A6EE-4CCE-9679-083CF5A4CAD9}
	EndGlobalSection
EndGlobal
