
Microsoft Visual Studio Solution File, Format Version 12.00
# Visual Studio Version 17
VisualStudioVersion = 17.3.32825.248
MinimumVisualStudioVersion = 10.0.40219.1
Project("{FAE04EC0-301F-11D3-BF4B-00C04F79EFBC}") = "IndexOf", "IndexOf.csproj", "{38A5C844-0233-46FA-AC01-0E0959FF1FDC}"
EndProject
Global
	GlobalSection(SolutionConfigurationPlatforms) = preSolution
		Debug|Any CPU = Debug|Any CPU
		Release|Any CPU = Release|Any CPU
	EndGlobalSection
	GlobalSection(ProjectConfigurationPlatforms) = postSolution
		{38A5C844-0233-46FA-AC01-0E0959FF1FDC}.Debug|Any CPU.ActiveCfg = Debug|Any CPU
		{38A5C844-0233-46FA-AC01-0E0959FF1FDC}.Debug|Any CPU.Build.0 = Debug|Any CPU
		{38A5C844-0233-46FA-AC01-0E0959FF1FDC}.Release|Any CPU.ActiveCfg = Release|Any CPU
		{38A5C844-0233-46FA-AC01-0E0959FF1FDC}.Release|Any CPU.Build.0 = Release|Any CPU
	EndGlobalSection
	GlobalSection(SolutionProperties) = preSolution
		HideSolutionNode = FALSE
	EndGlobalSection
	GlobalSection(ExtensibilityGlobals) = postSolution
		SolutionGuid = {EBB0A396-2326-4459-97EC-66B0CD74C398}
	EndGlobalSection
EndGlobal
