
Microsoft Visual Studio Solution File, Format Version 12.00
# Visual Studio Version 17
VisualStudioVersion = 17.4.33103.184
MinimumVisualStudioVersion = 10.0.40219.1
Project("{FAE04EC0-301F-11D3-BF4B-00C04F79EFBC}") = "HeltEgenProjekt", "HeltEgenProjekt.csproj", "{891724D6-712C-481D-96D0-BDF683F3D4B0}"
EndProject
Global
	GlobalSection(SolutionConfigurationPlatforms) = preSolution
		Debug|Any CPU = Debug|Any CPU
		Release|Any CPU = Release|Any CPU
	EndGlobalSection
	GlobalSection(ProjectConfigurationPlatforms) = postSolution
		{891724D6-712C-481D-96D0-BDF683F3D4B0}.Debug|Any CPU.ActiveCfg = Debug|Any CPU
		{891724D6-712C-481D-96D0-BDF683F3D4B0}.Debug|Any CPU.Build.0 = Debug|Any CPU
		{891724D6-712C-481D-96D0-BDF683F3D4B0}.Release|Any CPU.ActiveCfg = Release|Any CPU
		{891724D6-712C-481D-96D0-BDF683F3D4B0}.Release|Any CPU.Build.0 = Release|Any CPU
	EndGlobalSection
	GlobalSection(SolutionProperties) = preSolution
		HideSolutionNode = FALSE
	EndGlobalSection
	GlobalSection(ExtensibilityGlobals) = postSolution
		SolutionGuid = {6A7B5C46-A6A7-46F8-AB35-FA98CB8B523D}
	EndGlobalSection
EndGlobal
