
Microsoft Visual Studio Solution File, Format Version 12.00
# Visual Studio Version 17
VisualStudioVersion = 17.3.32825.248
MinimumVisualStudioVersion = 10.0.40219.1
Project("{FAE04EC0-301F-11D3-BF4B-00C04F79EFBC}") = "ManipulationAfTekststrenge", "ManipulationAfTekststrenge.csproj", "{B9C7068F-C9F0-453C-9B7C-53579E3ED388}"
EndProject
Global
	GlobalSection(SolutionConfigurationPlatforms) = preSolution
		Debug|Any CPU = Debug|Any CPU
		Release|Any CPU = Release|Any CPU
	EndGlobalSection
	GlobalSection(ProjectConfigurationPlatforms) = postSolution
		{B9C7068F-C9F0-453C-9B7C-53579E3ED388}.Debug|Any CPU.ActiveCfg = Debug|Any CPU
		{B9C7068F-C9F0-453C-9B7C-53579E3ED388}.Debug|Any CPU.Build.0 = Debug|Any CPU
		{B9C7068F-C9F0-453C-9B7C-53579E3ED388}.Release|Any CPU.ActiveCfg = Release|Any CPU
		{B9C7068F-C9F0-453C-9B7C-53579E3ED388}.Release|Any CPU.Build.0 = Release|Any CPU
	EndGlobalSection
	GlobalSection(SolutionProperties) = preSolution
		HideSolutionNode = FALSE
	EndGlobalSection
	GlobalSection(ExtensibilityGlobals) = postSolution
		SolutionGuid = {B8BD79E9-6E60-43C3-A11F-6FB838491BFA}
	EndGlobalSection
EndGlobal
