
Microsoft Visual Studio Solution File, Format Version 12.00
# Visual Studio Version 17
VisualStudioVersion = 17.3.32825.248
MinimumVisualStudioVersion = 10.0.40219.1
Project("{FAE04EC0-301F-11D3-BF4B-00C04F79EFBC}") = "OpgaveEx02Genopfrisk2", "OpgaveEx02Genopfrisk2.csproj", "{A526F6DF-06E4-4105-847F-ABD9743DC943}"
EndProject
Global
	GlobalSection(SolutionConfigurationPlatforms) = preSolution
		Debug|Any CPU = Debug|Any CPU
		Release|Any CPU = Release|Any CPU
	EndGlobalSection
	GlobalSection(ProjectConfigurationPlatforms) = postSolution
		{A526F6DF-06E4-4105-847F-ABD9743DC943}.Debug|Any CPU.ActiveCfg = Debug|Any CPU
		{A526F6DF-06E4-4105-847F-ABD9743DC943}.Debug|Any CPU.Build.0 = Debug|Any CPU
		{A526F6DF-06E4-4105-847F-ABD9743DC943}.Release|Any CPU.ActiveCfg = Release|Any CPU
		{A526F6DF-06E4-4105-847F-ABD9743DC943}.Release|Any CPU.Build.0 = Release|Any CPU
	EndGlobalSection
	GlobalSection(SolutionProperties) = preSolution
		HideSolutionNode = FALSE
	EndGlobalSection
	GlobalSection(ExtensibilityGlobals) = postSolution
		SolutionGuid = {C03F9AA2-B7F4-432F-A2E4-6BD46FABD73C}
	EndGlobalSection
EndGlobal
