
Microsoft Visual Studio Solution File, Format Version 12.00
# Visual Studio Version 17
VisualStudioVersion = 17.3.32825.248
MinimumVisualStudioVersion = 10.0.40219.1
Project("{FAE04EC0-301F-11D3-BF4B-00C04F79EFBC}") = "Opgave3.3", "Opgave3.3.csproj", "{76424B86-9C13-43A9-ABB4-65D4300B06B6}"
EndProject
Global
	GlobalSection(SolutionConfigurationPlatforms) = preSolution
		Debug|Any CPU = Debug|Any CPU
		Release|Any CPU = Release|Any CPU
	EndGlobalSection
	GlobalSection(ProjectConfigurationPlatforms) = postSolution
		{76424B86-9C13-43A9-ABB4-65D4300B06B6}.Debug|Any CPU.ActiveCfg = Debug|Any CPU
		{76424B86-9C13-43A9-ABB4-65D4300B06B6}.Debug|Any CPU.Build.0 = Debug|Any CPU
		{76424B86-9C13-43A9-ABB4-65D4300B06B6}.Release|Any CPU.ActiveCfg = Release|Any CPU
		{76424B86-9C13-43A9-ABB4-65D4300B06B6}.Release|Any CPU.Build.0 = Release|Any CPU
	EndGlobalSection
	GlobalSection(SolutionProperties) = preSolution
		HideSolutionNode = FALSE
	EndGlobalSection
	GlobalSection(ExtensibilityGlobals) = postSolution
		SolutionGuid = {364B1467-0B4D-47DF-A769-E1765B56D09D}
	EndGlobalSection
EndGlobal
