
Microsoft Visual Studio Solution File, Format Version 12.00
# Visual Studio Version 17
VisualStudioVersion = 17.3.32825.248
MinimumVisualStudioVersion = 10.0.40219.1
Project("{FAE04EC0-301F-11D3-BF4B-00C04F79EFBC}") = "Opgave2.7", "Opgave2.7.csproj", "{1021D2ED-555F-47D0-AC78-C570264E8C42}"
EndProject
Global
	GlobalSection(SolutionConfigurationPlatforms) = preSolution
		Debug|Any CPU = Debug|Any CPU
		Release|Any CPU = Release|Any CPU
	EndGlobalSection
	GlobalSection(ProjectConfigurationPlatforms) = postSolution
		{1021D2ED-555F-47D0-AC78-C570264E8C42}.Debug|Any CPU.ActiveCfg = Debug|Any CPU
		{1021D2ED-555F-47D0-AC78-C570264E8C42}.Debug|Any CPU.Build.0 = Debug|Any CPU
		{1021D2ED-555F-47D0-AC78-C570264E8C42}.Release|Any CPU.ActiveCfg = Release|Any CPU
		{1021D2ED-555F-47D0-AC78-C570264E8C42}.Release|Any CPU.Build.0 = Release|Any CPU
	EndGlobalSection
	GlobalSection(SolutionProperties) = preSolution
		HideSolutionNode = FALSE
	EndGlobalSection
	GlobalSection(ExtensibilityGlobals) = postSolution
		SolutionGuid = {A66B9C5E-24DE-4874-BD7C-8D5F790CFB4B}
	EndGlobalSection
EndGlobal
