
Microsoft Visual Studio Solution File, Format Version 12.00
# Visual Studio Version 17
VisualStudioVersion = 17.4.33103.184
MinimumVisualStudioVersion = 10.0.40219.1
Project("{FAE04EC0-301F-11D3-BF4B-00C04F79EFBC}") = "Opgave4", "Opgave4.csproj", "{D37AF401-FC78-4EF4-BA4B-5B8375A1C914}"
EndProject
Global
	GlobalSection(SolutionConfigurationPlatforms) = preSolution
		Debug|Any CPU = Debug|Any CPU
		Release|Any CPU = Release|Any CPU
	EndGlobalSection
	GlobalSection(ProjectConfigurationPlatforms) = postSolution
		{D37AF401-FC78-4EF4-BA4B-5B8375A1C914}.Debug|Any CPU.ActiveCfg = Debug|Any CPU
		{D37AF401-FC78-4EF4-BA4B-5B8375A1C914}.Debug|Any CPU.Build.0 = Debug|Any CPU
		{D37AF401-FC78-4EF4-BA4B-5B8375A1C914}.Release|Any CPU.ActiveCfg = Release|Any CPU
		{D37AF401-FC78-4EF4-BA4B-5B8375A1C914}.Release|Any CPU.Build.0 = Release|Any CPU
	EndGlobalSection
	GlobalSection(SolutionProperties) = preSolution
		HideSolutionNode = FALSE
	EndGlobalSection
	GlobalSection(ExtensibilityGlobals) = postSolution
		SolutionGuid = {9EF50ED3-3BB4-48D4-91A3-70EE3851A31C}
	EndGlobalSection
EndGlobal
