
Microsoft Visual Studio Solution File, Format Version 12.00
# Visual Studio Version 17
VisualStudioVersion = 17.3.32825.248
MinimumVisualStudioVersion = 10.0.40219.1
Project("{FAE04EC0-301F-11D3-BF4B-00C04F79EFBC}") = "Opgave2.9", "Opgave2.9.csproj", "{164139DC-8F8C-41D6-8645-97CDC2F5A904}"
EndProject
Global
	GlobalSection(SolutionConfigurationPlatforms) = preSolution
		Debug|Any CPU = Debug|Any CPU
		Release|Any CPU = Release|Any CPU
	EndGlobalSection
	GlobalSection(ProjectConfigurationPlatforms) = postSolution
		{164139DC-8F8C-41D6-8645-97CDC2F5A904}.Debug|Any CPU.ActiveCfg = Debug|Any CPU
		{164139DC-8F8C-41D6-8645-97CDC2F5A904}.Debug|Any CPU.Build.0 = Debug|Any CPU
		{164139DC-8F8C-41D6-8645-97CDC2F5A904}.Release|Any CPU.ActiveCfg = Release|Any CPU
		{164139DC-8F8C-41D6-8645-97CDC2F5A904}.Release|Any CPU.Build.0 = Release|Any CPU
	EndGlobalSection
	GlobalSection(SolutionProperties) = preSolution
		HideSolutionNode = FALSE
	EndGlobalSection
	GlobalSection(ExtensibilityGlobals) = postSolution
		SolutionGuid = {EB2CBE62-90AF-43E6-824D-1F2EB6929E0A}
	EndGlobalSection
EndGlobal
