
Microsoft Visual Studio Solution File, Format Version 12.00
# Visual Studio Version 17
VisualStudioVersion = 17.3.32825.248
MinimumVisualStudioVersion = 10.0.40219.1
Project("{9A19103F-16F7-4668-BE54-9A1E7A4F7556}") = "Lommeregner", "Lommeregner.csproj", "{967B6513-29F8-4164-92CE-9F72C2A00ABE}"
EndProject
Project("{FAE04EC0-301F-11D3-BF4B-00C04F79EFBC}") = "LommeregnerTest", "..\..\OpgaverEx06 d.15-09\LommeregnerTest\LommeregnerTest.csproj", "{5B66F621-0996-4BEA-891B-CBEFA25AE9AE}"
EndProject
Global
	GlobalSection(SolutionConfigurationPlatforms) = preSolution
		Debug|Any CPU = Debug|Any CPU
		Release|Any CPU = Release|Any CPU
	EndGlobalSection
	GlobalSection(ProjectConfigurationPlatforms) = postSolution
		{967B6513-29F8-4164-92CE-9F72C2A00ABE}.Debug|Any CPU.ActiveCfg = Debug|Any CPU
		{967B6513-29F8-4164-92CE-9F72C2A00ABE}.Debug|Any CPU.Build.0 = Debug|Any CPU
		{967B6513-29F8-4164-92CE-9F72C2A00ABE}.Release|Any CPU.ActiveCfg = Release|Any CPU
		{967B6513-29F8-4164-92CE-9F72C2A00ABE}.Release|Any CPU.Build.0 = Release|Any CPU
		{5B66F621-0996-4BEA-891B-CBEFA25AE9AE}.Debug|Any CPU.ActiveCfg = Debug|Any CPU
		{5B66F621-0996-4BEA-891B-CBEFA25AE9AE}.Debug|Any CPU.Build.0 = Debug|Any CPU
		{5B66F621-0996-4BEA-891B-CBEFA25AE9AE}.Release|Any CPU.ActiveCfg = Release|Any CPU
		{5B66F621-0996-4BEA-891B-CBEFA25AE9AE}.Release|Any CPU.Build.0 = Release|Any CPU
	EndGlobalSection
	GlobalSection(SolutionProperties) = preSolution
		HideSolutionNode = FALSE
	EndGlobalSection
	GlobalSection(ExtensibilityGlobals) = postSolution
		SolutionGuid = {6A39C318-7CCA-4746-9F3E-B4D4B9E31A0A}
	EndGlobalSection
EndGlobal
