
Microsoft Visual Studio Solution File, Format Version 12.00
# Visual Studio Version 17
VisualStudioVersion = 17.3.32825.248
MinimumVisualStudioVersion = 10.0.40219.1
Project("{FAE04EC0-301F-11D3-BF4B-00C04F79EFBC}") = "BrugAf IfOgElseIf", "BrugAf IfOgElseIf.csproj", "{9207E708-7A03-40BE-A31A-277A9C6F1EC5}"
EndProject
Global
	GlobalSection(SolutionConfigurationPlatforms) = preSolution
		Debug|Any CPU = Debug|Any CPU
		Release|Any CPU = Release|Any CPU
	EndGlobalSection
	GlobalSection(ProjectConfigurationPlatforms) = postSolution
		{9207E708-7A03-40BE-A31A-277A9C6F1EC5}.Debug|Any CPU.ActiveCfg = Debug|Any CPU
		{9207E708-7A03-40BE-A31A-277A9C6F1EC5}.Debug|Any CPU.Build.0 = Debug|Any CPU
		{9207E708-7A03-40BE-A31A-277A9C6F1EC5}.Release|Any CPU.ActiveCfg = Release|Any CPU
		{9207E708-7A03-40BE-A31A-277A9C6F1EC5}.Release|Any CPU.Build.0 = Release|Any CPU
	EndGlobalSection
	GlobalSection(SolutionProperties) = preSolution
		HideSolutionNode = FALSE
	EndGlobalSection
	GlobalSection(ExtensibilityGlobals) = postSolution
		SolutionGuid = {C6A4F5CF-35FF-4EB5-B309-D9D384813892}
	EndGlobalSection
EndGlobal
