
Microsoft Visual Studio Solution File, Format Version 12.00
# Visual Studio Version 17
VisualStudioVersion = 17.3.32825.248
MinimumVisualStudioVersion = 10.0.40219.1
Project("{FAE04EC0-301F-11D3-BF4B-00C04F79EFBC}") = "SimpleBank", "SimpleBank.csproj", "{11FBDAE6-04AE-4753-A2C6-A9D6583BBB9D}"
EndProject
Project("{FAE04EC0-301F-11D3-BF4B-00C04F79EFBC}") = "SimpleBankTest", "..\SimpleBankTest\SimpleBankTest.csproj", "{85417345-9AF8-4A9C-9FD5-8ED9F2DCF5CE}"
EndProject
Global
	GlobalSection(SolutionConfigurationPlatforms) = preSolution
		Debug|Any CPU = Debug|Any CPU
		Release|Any CPU = Release|Any CPU
	EndGlobalSection
	GlobalSection(ProjectConfigurationPlatforms) = postSolution
		{11FBDAE6-04AE-4753-A2C6-A9D6583BBB9D}.Debug|Any CPU.ActiveCfg = Debug|Any CPU
		{11FBDAE6-04AE-4753-A2C6-A9D6583BBB9D}.Debug|Any CPU.Build.0 = Debug|Any CPU
		{11FBDAE6-04AE-4753-A2C6-A9D6583BBB9D}.Release|Any CPU.ActiveCfg = Release|Any CPU
		{11FBDAE6-04AE-4753-A2C6-A9D6583BBB9D}.Release|Any CPU.Build.0 = Release|Any CPU
		{85417345-9AF8-4A9C-9FD5-8ED9F2DCF5CE}.Debug|Any CPU.ActiveCfg = Debug|Any CPU
		{85417345-9AF8-4A9C-9FD5-8ED9F2DCF5CE}.Debug|Any CPU.Build.0 = Debug|Any CPU
		{85417345-9AF8-4A9C-9FD5-8ED9F2DCF5CE}.Release|Any CPU.ActiveCfg = Release|Any CPU
		{85417345-9AF8-4A9C-9FD5-8ED9F2DCF5CE}.Release|Any CPU.Build.0 = Release|Any CPU
	EndGlobalSection
	GlobalSection(SolutionProperties) = preSolution
		HideSolutionNode = FALSE
	EndGlobalSection
	GlobalSection(ExtensibilityGlobals) = postSolution
		SolutionGuid = {CC8C1DBA-0F3D-4589-B537-D44F6AA41010}
	EndGlobalSection
EndGlobal
