
Microsoft Visual Studio Solution File, Format Version 12.00
# Visual Studio Version 17
VisualStudioVersion = 17.3.32825.248
MinimumVisualStudioVersion = 10.0.40219.1
Project("{FAE04EC0-301F-11D3-BF4B-00C04F79EFBC}") = "SortingArrays", "SortingArrays.csproj", "{6AA4ED24-FFB3-45F0-AAD3-AF9C199FDB22}"
EndProject
Project("{FAE04EC0-301F-11D3-BF4B-00C04F79EFBC}") = "SortingArraysTest", "..\SortingArraysTest\SortingArraysTest.csproj", "{FCF081E5-2EAA-4DA4-A3C6-2259EA46E24B}"
EndProject
Global
	GlobalSection(SolutionConfigurationPlatforms) = preSolution
		Debug|Any CPU = Debug|Any CPU
		Release|Any CPU = Release|Any CPU
	EndGlobalSection
	GlobalSection(ProjectConfigurationPlatforms) = postSolution
		{6AA4ED24-FFB3-45F0-AAD3-AF9C199FDB22}.Debug|Any CPU.ActiveCfg = Debug|Any CPU
		{6AA4ED24-FFB3-45F0-AAD3-AF9C199FDB22}.Debug|Any CPU.Build.0 = Debug|Any CPU
		{6AA4ED24-FFB3-45F0-AAD3-AF9C199FDB22}.Release|Any CPU.ActiveCfg = Release|Any CPU
		{6AA4ED24-FFB3-45F0-AAD3-AF9C199FDB22}.Release|Any CPU.Build.0 = Release|Any CPU
		{FCF081E5-2EAA-4DA4-A3C6-2259EA46E24B}.Debug|Any CPU.ActiveCfg = Debug|Any CPU
		{FCF081E5-2EAA-4DA4-A3C6-2259EA46E24B}.Debug|Any CPU.Build.0 = Debug|Any CPU
		{FCF081E5-2EAA-4DA4-A3C6-2259EA46E24B}.Release|Any CPU.ActiveCfg = Release|Any CPU
		{FCF081E5-2EAA-4DA4-A3C6-2259EA46E24B}.Release|Any CPU.Build.0 = Release|Any CPU
	EndGlobalSection
	GlobalSection(SolutionProperties) = preSolution
		HideSolutionNode = FALSE
	EndGlobalSection
	GlobalSection(ExtensibilityGlobals) = postSolution
		SolutionGuid = {051823E8-1DDA-480E-8931-20CDCE569787}
	EndGlobalSection
EndGlobal
